
Microsoft Visual Studio Solution File, Format Version 10.00
# Visual Studio 2008
Project("{FAE04EC0-301F-11D3-BF4B-00C04F79EFBC}") = "app-826-csharp", "app-826-csharp\app-826-csharp.csproj", "{892B9CA4-508D-4B13-A333-4F318F9C22B0}"
EndProject
Global
	GlobalSection(SolutionConfigurationPlatforms) = preSolution
		Debug|Any CPU = Debug|Any CPU
		Release|Any CPU = Release|Any CPU
	EndGlobalSection
	GlobalSection(ProjectConfigurationPlatforms) = postSolution
		{892B9CA4-508D-4B13-A333-4F318F9C22B0}.Debug|Any CPU.ActiveCfg = Debug|Any CPU
		{892B9CA4-508D-4B13-A333-4F318F9C22B0}.Debug|Any CPU.Build.0 = Debug|Any CPU
		{892B9CA4-508D-4B13-A333-4F318F9C22B0}.Release|Any CPU.ActiveCfg = Release|Any CPU
		{892B9CA4-508D-4B13-A333-4F318F9C22B0}.Release|Any CPU.Build.0 = Release|Any CPU
	EndGlobalSection
	GlobalSection(MonoDevelopProperties) = preSolution
		StartupItem = app-826-csharp\app-826-csharp.csproj
		Policies = $0
		$0.DotNetNamingPolicy = $1
		$1.DirectoryNamespaceAssociation = None
		$1.ResourceNamePolicy = FileFormatDefault
	EndGlobalSection
	GlobalSection(SolutionProperties) = preSolution
		HideSolutionNode = FALSE
	EndGlobalSection
EndGlobal
